// !$*UTF8*$!
{
	archiveVersion = 1;
	classes = {
	};
	objectVersion = 46;
	objects = {

/* Begin PBXBuildFile section */
		B97279371CC91B740040A190 /* AppDelegate.swift in Sources */ = {isa = PBXBuildFile; fileRef = B97279361CC91B740040A190 /* AppDelegate.swift */; };
		B97279391CC91B740040A190 /* Assets.xcassets in Resources */ = {isa = PBXBuildFile; fileRef = B97279381CC91B740040A190 /* Assets.xcassets */; };
		B972793C1CC91B740040A190 /* MainMenu.xib in Resources */ = {isa = PBXBuildFile; fileRef = B972793A1CC91B740040A190 /* MainMenu.xib */; };
		B97279491CC91BBE0040A190 /* MainWindowViewController.swift in Sources */ = {isa = PBXBuildFile; fileRef = B97279471CC91BBE0040A190 /* MainWindowViewController.swift */; };
		B972794A1CC91BBE0040A190 /* MainWindowViewController.xib in Resources */ = {isa = PBXBuildFile; fileRef = B97279481CC91BBE0040A190 /* MainWindowViewController.xib */; };
/* End PBXBuildFile section */

/* Begin PBXFileReference section */
		B97279331CC91B740040A190 /* Thermostat.app */ = {isa = PBXFileReference; explicitFileType = wrapper.application; includeInIndex = 0; path = Thermostat.app; sourceTree = BUILT_PRODUCTS_DIR; };
		B97279361CC91B740040A190 /* AppDelegate.swift */ = {isa = PBXFileReference; lastKnownFileType = sourcecode.swift; path = AppDelegate.swift; sourceTree = "<group>"; };
		B97279381CC91B740040A190 /* Assets.xcassets */ = {isa = PBXFileReference; lastKnownFileType = folder.assetcatalog; path = Assets.xcassets; sourceTree = "<group>"; };
		B972793B1CC91B740040A190 /* Base */ = {isa = PBXFileReference; lastKnownFileType = file.xib; name = Base; path = Base.lproj/MainMenu.xib; sourceTree = "<group>"; };
		B972793D1CC91B740040A190 /* Info.plist */ = {isa = PBXFileReference; lastKnownFileType = text.plist.xml; path = Info.plist; sourceTree = "<group>"; };
		B97279471CC91BBE0040A190 /* MainWindowViewController.swift */ = {isa = PBXFileReference; fileEncoding = 4; lastKnownFileType = sourcecode.swift; name = MainWindowViewController.swift; path = ../MainWindowViewController.swift; sourceTree = "<group>"; };
		B97279481CC91BBE0040A190 /* MainWindowViewController.xib */ = {isa = PBXFileReference; fileEncoding = 4; lastKnownFileType = file.xib; name = MainWindowViewController.xib; path = ../MainWindowViewController.xib; sourceTree = "<group>"; };
/* End PBXFileReference section */

/* Begin PBXFrameworksBuildPhase section */
		B97279301CC91B740040A190 /* Frameworks */ = {
			isa = PBXFrameworksBuildPhase;
			buildActionMask = 2147483647;
			files = (
			);
			runOnlyForDeploymentPostprocessing = 0;
		};
/* End PBXFrameworksBuildPhase section */

/* Begin PBXGroup section */
		B972792A1CC91B740040A190 = {
			isa = PBXGroup;
			children = (
				B97279351CC91B740040A190 /* Thermostat */,
				B97279341CC91B740040A190 /* Products */,
			);
			sourceTree = "<group>";
		};
		B97279341CC91B740040A190 /* Products */ = {
			isa = PBXGroup;
			children = (
				B97279331CC91B740040A190 /* Thermostat.app */,
			);
			name = Products;
			sourceTree = "<group>";
		};
		B97279351CC91B740040A190 /* Thermostat */ = {
			isa = PBXGroup;
			children = (
				B97279471CC91BBE0040A190 /* MainWindowViewController.swift */,
				B97279481CC91BBE0040A190 /* MainWindowViewController.xib */,
				B97279361CC91B740040A190 /* AppDelegate.swift */,
				B97279381CC91B740040A190 /* Assets.xcassets */,
				B972793A1CC91B740040A190 /* MainMenu.xib */,
				B972793D1CC91B740040A190 /* Info.plist */,
			);
			path = Thermostat;
			sourceTree = "<group>";
		};
/* End PBXGroup section */

/* Begin PBXNativeTarget section */
		B97279321CC91B740040A190 /* Thermostat */ = {
			isa = PBXNativeTarget;
			buildConfigurationList = B97279401CC91B740040A190 /* Build configuration list for PBXNativeTarget "Thermostat" */;
			buildPhases = (
				B972792F1CC91B740040A190 /* Sources */,
				B97279301CC91B740040A190 /* Frameworks */,
				B97279311CC91B740040A190 /* Resources */,
			);
			buildRules = (
			);
			dependencies = (
			);
			name = Thermostat;
			productName = Thermostat;
			productReference = B97279331CC91B740040A190 /* Thermostat.app */;
			productType = "com.apple.product-type.application";
		};
/* End PBXNativeTarget section */

/* Begin PBXProject section */
		B972792B1CC91B740040A190 /* Project object */ = {
			isa = PBXProject;
			attributes = {
				LastSwiftUpdateCheck = 0730;
				LastUpgradeCheck = 0730;
				ORGANIZATIONNAME = ShadowFox;
				TargetAttributes = {
					B97279321CC91B740040A190 = {
						CreatedOnToolsVersion = 7.3;
					};
				};
			};
			buildConfigurationList = B972792E1CC91B740040A190 /* Build configuration list for PBXProject "Thermostat" */;
			compatibilityVersion = "Xcode 3.2";
			developmentRegion = English;
			hasScannedForEncodings = 0;
			knownRegions = (
				en,
				Base,
			);
			mainGroup = B972792A1CC91B740040A190;
			productRefGroup = B97279341CC91B740040A190 /* Products */;
			projectDirPath = "";
			projectRoot = "";
			targets = (
				B97279321CC91B740040A190 /* Thermostat */,
			);
		};
/* End PBXProject section */

/* Begin PBXResourcesBuildPhase section */
		B97279311CC91B740040A190 /* Resources */ = {
			isa = PBXResourcesBuildPhase;
			buildActionMask = 2147483647;
			files = (
				B97279391CC91B740040A190 /* Assets.xcassets in Resources */,
				B972794A1CC91BBE0040A190 /* MainWindowViewController.xib in Resources */,
				B972793C1CC91B740040A190 /* MainMenu.xib in Resources */,
			);
			runOnlyForDeploymentPostprocessing = 0;
		};
/* End PBXResourcesBuildPhase section */

/* Begin PBXSourcesBuildPhase section */
		B972792F1CC91B740040A190 /* Sources */ = {
			isa = PBXSourcesBuildPhase;
			buildActionMask = 2147483647;
			files = (
				B97279371CC91B740040A190 /* AppDelegate.swift in Sources */,
				B97279491CC91BBE0040A190 /* MainWindowViewController.swift in Sources */,
			);
			runOnlyForDeploymentPostprocessing = 0;
		};
/* End PBXSourcesBuildPhase section */

/* Begin PBXVariantGroup section */
		B972793A1CC91B740040A190 /* MainMenu.xib */ = {
			isa = PBXVariantGroup;
			children = (
				B972793B1CC91B740040A190 /* Base */,
			);
			name = MainMenu.xib;
			sourceTree = "<group>";
		};
/* End PBXVariantGroup section */

/* Begin XCBuildConfiguration section */
		B972793E1CC91B740040A190 /* Debug */ = {
			isa = XCBuildConfiguration;
			buildSettings = {
				ALWAYS_SEARCH_USER_PATHS = NO;
				CLANG_ANALYZER_NONNULL = YES;
				CLANG_CXX_LANGUAGE_STANDARD = "gnu++0x";
				CLANG_CXX_LIBRARY = "libc++";
				CLANG_ENABLE_MODULES = YES;
				CLANG_ENABLE_OBJC_ARC = YES;
				CLANG_WARN_BOOL_CONVERSION = YES;
				CLANG_WARN_CONSTANT_CONVERSION = YES;
				CLANG_WARN_DIRECT_OBJC_ISA_USAGE = YES_ERROR;
				CLANG_WARN_EMPTY_BODY = YES;
				CLANG_WARN_ENUM_CONVERSION = YES;
				CLANG_WARN_INT_CONVERSION = YES;
				CLANG_WARN_OBJC_ROOT_CLASS = YES_ERROR;
				CLANG_WARN_UNREACHABLE_CODE = YES;
				CLANG_WARN__DUPLICATE_METHOD_MATCH = YES;
				CODE_SIGN_IDENTITY = "-";
				COPY_PHASE_STRIP = NO;
				DEBUG_INFORMATION_FORMAT = dwarf;
				ENABLE_STRICT_OBJC_MSGSEND = YES;
				ENABLE_TESTABILITY = YES;
				GCC_C_LANGUAGE_STANDARD = gnu99;
				GCC_DYNAMIC_NO_PIC = NO;
				GCC_NO_COMMON_BLOCKS = YES;
				GCC_OPTIMIZATION_LEVEL = 0;
				GCC_PREPROCESSOR_DEFINITIONS = (
					"DEBUG=1",
					"$(inherited)",
				);
				GCC_WARN_64_TO_32_BIT_CONVERSION = YES;
				GCC_WARN_ABOUT_RETURN_TYPE = YES_ERROR;
				GCC_WARN_UNDECLARED_SELECTOR = YES;
				GCC_WARN_UNINITIALIZED_AUTOS = YES_AGGRESSIVE;
				GCC_WARN_UNUSED_FUNCTION = YES;
				GCC_WARN_UNUSED_VARIABLE = YES;
				MACOSX_DEPLOYMENT_TARGET = 10.11;
				MTL_ENABLE_DEBUG_INFO = YES;
				ONLY_ACTIVE_ARCH = YES;
				SDKROOT = macosx;
				SWIFT_OPTIMIZATION_LEVEL = "-Onone";
			};
			name = Debug;
		};
		B972793F1CC91B740040A190 /* Release */ = {
			isa = XCBuildConfiguration;
			buildSettings = {
				ALWAYS_SEARCH_USER_PATHS = NO;
				CLANG_ANALYZER_NONNULL = YES;
				CLANG_CXX_LANGUAGE_STANDARD = "gnu++0x";
				CLANG_CXX_LIBRARY = "libc++";
				CLANG_ENABLE_MODULES = YES;
				CLANG_ENABLE_OBJC_ARC = YES;
				CLANG_WARN_BOOL_CONVERSION = YES;
				CLANG_WARN_CONSTANT_CONVERSION = YES;
				CLANG_WARN_DIRECT_OBJC_ISA_USAGE = YES_ERROR;
				CLANG_WARN_EMPTY_BODY = YES;
				CLANG_WARN_ENUM_CONVERSION = YES;
				CLANG_WARN_INT_CONVERSION = YES;
				CLANG_WARN_OBJC_ROOT_CLASS = YES_ERROR;
				CLANG_WARN_UNREACHABLE_CODE = YES;
				CLANG_WARN__DUPLICATE_METHOD_MATCH = YES;
				CODE_SIGN_IDENTITY = "-";
				COPY_PHASE_STRIP = NO;
				DEBUG_INFORMATION_FORMAT = "dwarf-with-dsym";
				ENABLE_NS_ASSERTIONS = NO;
				ENABLE_STRICT_OBJC_MSGSEND = YES;
				GCC_C_LANGUAGE_STANDARD = gnu99;
				GCC_NO_COMMON_BLOCKS = YES;
				GCC_WARN_64_TO_32_BIT_CONVERSION = YES;
				GCC_WARN_ABOUT_RETURN_TYPE = YES_ERROR;
				GCC_WARN_UNDECLARED_SELECTOR = YES;
				GCC_WARN_UNINITIALIZED_AUTOS = YES_AGGRESSIVE;
				GCC_WARN_UNUSED_FUNCTION = YES;
				GCC_WARN_UNUSED_VARIABLE = YES;
				MACOSX_DEPLOYMENT_TARGET = 10.11;
				MTL_ENABLE_DEBUG_INFO = NO;
				SDKROOT = macosx;
			};
			name = Release;
		};
		B97279411CC91B740040A190 /* Debug */ = {
			isa = XCBuildConfiguration;
			buildSettings = {
				ASSETCATALOG_COMPILER_APPICON_NAME = AppIcon;
				COMBINE_HIDPI_IMAGES = YES;
				INFOPLIST_FILE = Thermostat/Info.plist;
				LD_RUNPATH_SEARCH_PATHS = "$(inherited) @executable_path/../Frameworks";
				PRODUCT_BUNDLE_IDENTIFIER = com.ShadowFox.Thermostat;
				PRODUCT_NAME = "$(TARGET_NAME)";
			};
			name = Debug;
		};
		B97279421CC91B740040A190 /* Release */ = {
			isa = XCBuildConfiguration;
			buildSettings = {
				ASSETCATALOG_COMPILER_APPICON_NAME = AppIcon;
				COMBINE_HIDPI_IMAGES = YES;
				INFOPLIST_FILE = Thermostat/Info.plist;
				LD_RUNPATH_SEARCH_PATHS = "$(inherited) @executable_path/../Frameworks";
				PRODUCT_BUNDLE_IDENTIFIER = com.ShadowFox.Thermostat;
				PRODUCT_NAME = "$(TARGET_NAME)";
			};
			name = Release;
		};
/* End XCBuildConfiguration section */

/* Begin XCConfigurationList section */
		B972792E1CC91B740040A190 /* Build configuration list for PBXProject "Thermostat" */ = {
			isa = XCConfigurationList;
			buildConfigurations = (
				B972793E1CC91B740040A190 /* Debug */,
				B972793F1CC91B740040A190 /* Release */,
			);
			defaultConfigurationIsVisible = 0;
			defaultConfigurationName = Release;
		};
		B97279401CC91B740040A190 /* Build configuration list for PBXNativeTarget "Thermostat" */ = {
			isa = XCConfigurationList;
			buildConfigurations = (
				B97279411CC91B740040A190 /* Debug */,
				B97279421CC91B740040A190 /* Release */,
			);
			defaultConfigurationIsVisible = 0;
		};
/* End XCConfigurationList section */
	};
	rootObject = B972792B1CC91B740040A190 /* Project object */;
}
